proto_outdir = "./vendor_proto"

[[dependencies]]
  target = "github.com/scientificideas/fabric-protos"
  subgroup = ""
  revision = "493dfa459ed4f8f02cc4be57a101eb3bbb276472"
  branch = "release-2.5-bft"
  path = ""
  protocol = ""

[[dependencies]]
  target = "github.com/googleapis/googleapis"
  subgroup = ""
  revision = "f8a2933d3589bee919db0b97cccaa85afe1b0c8b"
  branch = "master"
  path = ""
  protocol = ""

[[dependencies]]
  target = "github.com/grpc-ecosystem/grpc-gateway"
  subgroup = ""
  revision = "4f8ee0904ad515e35a50c9d1ccfcb440fa5da95f"
  branch = ""
  path = ""
  protocol = ""

[[dependencies]]
  target = "github.com/protocolbuffers/protobuf/src/google"
  subgroup = ""
  revision = "ee1355459c9ce7ffe264bc40cfdc7b7623d37e99"
  branch = ""
  path = "google"
  protocol = ""
